# THIS IS AN AUTOGENERATED FILE. DO NOT EDIT THIS FILE DIRECTLY.
# yarn lockfile v1


"@ngrx/core@^1.2.0":
  version "1.2.0"
  resolved "https://registry.yarnpkg.com/@ngrx/core/-/core-1.2.0.tgz#882b46abafa2e0e6d887cb71a1b2c2fa3e6d0dc6"

"@ngrx/effects@^4.1.1":
  version "4.1.1"
  resolved "https://registry.yarnpkg.com/@ngrx/effects/-/effects-4.1.1.tgz#cb758b8527964b258ea41951f59aa144e3ef9fae"

"@ngrx/store@^4.1.1":
  version "4.1.1"
  resolved "https://registry.yarnpkg.com/@ngrx/store/-/store-4.1.1.tgz#680e34df2775e8852754ed777ffac95bd81b7de0"
